
Microsoft Visual Studio Solution File, Format Version 12.00
# Visual Studio Version 17
VisualStudioVersion = 17.8.34330.188
MinimumVisualStudioVersion = 10.0.40219.1
Project("{FAE04EC0-301F-11D3-BF4B-00C04F79EFBC}") = "ConsoleApp4", "ConsoleApp4\ConsoleApp4.csproj", "{B91A42D1-358B-491E-9F6D-A7802B866436}"
EndProject
Global
	GlobalSection(SolutionConfigurationPlatforms) = preSolution
		Debug|Any CPU = Debug|Any CPU
		Release|Any CPU = Release|Any CPU
	EndGlobalSection
	GlobalSection(ProjectConfigurationPlatforms) = postSolution
		{B91A42D1-358B-491E-9F6D-A7802B866436}.Debug|Any CPU.ActiveCfg = Debug|Any CPU
		{B91A42D1-358B-491E-9F6D-A7802B866436}.Debug|Any CPU.Build.0 = Debug|Any CPU
		{B91A42D1-358B-491E-9F6D-A7802B866436}.Release|Any CPU.ActiveCfg = Release|Any CPU
		{B91A42D1-358B-491E-9F6D-A7802B866436}.Release|Any CPU.Build.0 = Release|Any CPU
	EndGlobalSection
	GlobalSection(SolutionProperties) = preSolution
		HideSolutionNode = FALSE
	EndGlobalSection
	GlobalSection(ExtensibilityGlobals) = postSolution
		SolutionGuid = {22782A43-41A7-4A02-8C91-D2E34AB17AB2}
	EndGlobalSection
EndGlobal
